
Microsoft Visual Studio Solution File, Format Version 12.00
# Visual Studio Version 17
VisualStudioVersion = 17.8.34525.116
MinimumVisualStudioVersion = 10.0.40219.1
Project("{FAE04EC0-301F-11D3-BF4B-00C04F79EFBC}") = "PowerPointAddIn", "PowerPointAddIn\PowerPointAddIn.csproj", "{1E92547F-2FA6-486E-9E54-DB0BC095C6FB}"
EndProject
Global
	GlobalSection(SolutionConfigurationPlatforms) = preSolution
		Debug|Any CPU = Debug|Any CPU
		Release|Any CPU = Release|Any CPU
	EndGlobalSection
	GlobalSection(ProjectConfigurationPlatforms) = postSolution
		{1E92547F-2FA6-486E-9E54-DB0BC095C6FB}.Debug|Any CPU.ActiveCfg = Debug|Any CPU
		{1E92547F-2FA6-486E-9E54-DB0BC095C6FB}.Debug|Any CPU.Build.0 = Debug|Any CPU
		{1E92547F-2FA6-486E-9E54-DB0BC095C6FB}.Release|Any CPU.ActiveCfg = Release|Any CPU
		{1E92547F-2FA6-486E-9E54-DB0BC095C6FB}.Release|Any CPU.Build.0 = Release|Any CPU
	EndGlobalSection
	GlobalSection(SolutionProperties) = preSolution
		HideSolutionNode = FALSE
	EndGlobalSection
	GlobalSection(ExtensibilityGlobals) = postSolution
		SolutionGuid = {93C3CE64-13F3-47F1-B7F4-B02545F2E721}
	EndGlobalSection
EndGlobal
